apiVersion: argoproj.io/v1alpha1
kind: WorkflowTemplate
metadata:
  name: workflow-template-submittable
spec:
  entrypoint: whalesay-template     # Fields other than "arguments" and "templates" not supported in v2.4 - v2.6
  arguments:
    parameters:
      - name: message
        value: hello world
  templates:
    - name: whalesay-template
      inputs:
        parameters:
          - name: message
          - name: test-param
          - name: version
          - name: commit
    - name: another-test-template
      inputs:
        parameters:
          - name: test
          - name: name
          - name: author
      container:
        image: docker/whalesay
        command: [cowsay]
        args: ["{{inputs.parameters.message}}"]
